
Microsoft Visual Studio Solution File, Format Version 11.00
# Visual Studio 2010
Project("{FAE04EC0-301F-11D3-BF4B-00C04F79EFBC}") = "UnityEngine.TestRunner", "UnityEngine.TestRunner.csproj", "{e2e01b51-747e-eda2-14e4-d01bcff80c46}"
EndProject
Project("{FAE04EC0-301F-11D3-BF4B-00C04F79EFBC}") = "UnityEngine.UI", "UnityEngine.UI.csproj", "{059f039b-f11c-84ca-8414-bca5a096f39c}"
EndProject
Project("{FAE04EC0-301F-11D3-BF4B-00C04F79EFBC}") = "Unity.VisualScripting.Flow", "Unity.VisualScripting.Flow.csproj", "{45785f8a-6d76-e74c-3ef7-3c8c1199a8f7}"
EndProject
Project("{FAE04EC0-301F-11D3-BF4B-00C04F79EFBC}") = "Unity.Services.Core.Telemetry", "Unity.Services.Core.Telemetry.csproj", "{4c2a460e-2f30-3e94-91dc-e9e5e26df583}"
EndProject
Project("{FAE04EC0-301F-11D3-BF4B-00C04F79EFBC}") = "Unity.VisualScripting.State", "Unity.VisualScripting.State.csproj", "{8cf0a4fd-5c76-be54-ff44-4a787fe329ef}"
EndProject
Project("{FAE04EC0-301F-11D3-BF4B-00C04F79EFBC}") = "Unity.VisualScripting.Core", "Unity.VisualScripting.Core.csproj", "{29f89379-74c4-2f01-e64e-c60a07a52d9c}"
EndProject
Project("{FAE04EC0-301F-11D3-BF4B-00C04F79EFBC}") = "Unity.Services.Core.Environments.Internal", "Unity.Services.Core.Environments.Internal.csproj", "{fede2836-fdef-7967-a850-dc11f63aa083}"
EndProject
Project("{FAE04EC0-301F-11D3-BF4B-00C04F79EFBC}") = "Unity.TextMeshPro", "Unity.TextMeshPro.csproj", "{d493d4dd-ec7a-ff6f-6491-03cd1777d459}"
EndProject
Project("{FAE04EC0-301F-11D3-BF4B-00C04F79EFBC}") = "Unity.Timeline", "Unity.Timeline.csproj", "{f8b2add8-5de5-fecb-05bc-eee562390a3f}"
EndProject
Project("{FAE04EC0-301F-11D3-BF4B-00C04F79EFBC}") = "Unity.Services.Core", "Unity.Services.Core.csproj", "{cbed18aa-574a-53ee-7fb4-d8b0b4f4f958}"
EndProject
Project("{FAE04EC0-301F-11D3-BF4B-00C04F79EFBC}") = "Unity.Services.Core.Environments", "Unity.Services.Core.Environments.csproj", "{b6602ca3-719a-c2f8-ede4-ca3f1540ba36}"
EndProject
Project("{FAE04EC0-301F-11D3-BF4B-00C04F79EFBC}") = "Unity.Services.Core.Internal", "Unity.Services.Core.Internal.csproj", "{897ab93b-9c0f-bb1c-c712-083e38d8654f}"
EndProject
Project("{FAE04EC0-301F-11D3-BF4B-00C04F79EFBC}") = "Unity.Services.Core.Analytics", "Unity.Services.Core.Analytics.csproj", "{6f47871c-ae19-f48d-270f-6f4dc78b6cc8}"
EndProject
Project("{FAE04EC0-301F-11D3-BF4B-00C04F79EFBC}") = "Unity.Services.Core.Scheduler", "Unity.Services.Core.Scheduler.csproj", "{d3c08e29-c11e-5116-d9ed-6b0a331fe771}"
EndProject
Project("{FAE04EC0-301F-11D3-BF4B-00C04F79EFBC}") = "Unity.Services.Core.Registration", "Unity.Services.Core.Registration.csproj", "{9cff459c-6a82-567a-2fca-c27bc3419b9e}"
EndProject
Project("{FAE04EC0-301F-11D3-BF4B-00C04F79EFBC}") = "Unity.Services.Core.Device", "Unity.Services.Core.Device.csproj", "{81988ae7-e816-bf22-1278-b0c83e193b1b}"
EndProject
Project("{FAE04EC0-301F-11D3-BF4B-00C04F79EFBC}") = "Assembly-CSharp", "Assembly-CSharp.csproj", "{e79cef03-1ec2-faef-3547-985509ed247b}"
EndProject
Project("{FAE04EC0-301F-11D3-BF4B-00C04F79EFBC}") = "Unity.Services.Core.Threading", "Unity.Services.Core.Threading.csproj", "{39d4f520-5cd6-dbea-928f-4983d488eb60}"
EndProject
Project("{FAE04EC0-301F-11D3-BF4B-00C04F79EFBC}") = "Unity.Services.Core.Networking", "Unity.Services.Core.Networking.csproj", "{505b7b70-aaca-79f7-5f72-e28d2ba7e507}"
EndProject
Project("{FAE04EC0-301F-11D3-BF4B-00C04F79EFBC}") = "Unity.Services.Core.Configuration", "Unity.Services.Core.Configuration.csproj", "{d97c392c-ffdd-53a0-ad4e-5cc23408d45a}"
EndProject
Project("{FAE04EC0-301F-11D3-BF4B-00C04F79EFBC}") = "Unity.PlasticSCM.Editor", "Unity.PlasticSCM.Editor.csproj", "{e75bcd10-cf9d-888e-5887-124c044823f2}"
EndProject
Project("{FAE04EC0-301F-11D3-BF4B-00C04F79EFBC}") = "Unity.VisualScripting.Core.Editor", "Unity.VisualScripting.Core.Editor.csproj", "{27eec241-2a4a-3cbd-66d5-242e812f31c4}"
EndProject
Project("{FAE04EC0-301F-11D3-BF4B-00C04F79EFBC}") = "Unity.VisualScripting.Flow.Editor", "Unity.VisualScripting.Flow.Editor.csproj", "{112ec2f1-8576-5d3c-5941-0c7175906cae}"
EndProject
Project("{FAE04EC0-301F-11D3-BF4B-00C04F79EFBC}") = "Unity.VisualStudio.Editor", "Unity.VisualStudio.Editor.csproj", "{a7ed1f3f-7418-3d60-be77-26ba197c2b1f}"
EndProject
Project("{FAE04EC0-301F-11D3-BF4B-00C04F79EFBC}") = "Unity.Timeline.Editor", "Unity.Timeline.Editor.csproj", "{c7d73a4c-9795-111b-2845-39e35c93659e}"
EndProject
Project("{FAE04EC0-301F-11D3-BF4B-00C04F79EFBC}") = "Unity.VisualScripting.State.Editor", "Unity.VisualScripting.State.Editor.csproj", "{93b8780f-0c79-7fe3-2e3f-a0dbb4ee06c6}"
EndProject
Project("{FAE04EC0-301F-11D3-BF4B-00C04F79EFBC}") = "Unity.TextMeshPro.Editor", "Unity.TextMeshPro.Editor.csproj", "{574e3322-003b-01a9-49b9-c82411559b0b}"
EndProject
Project("{FAE04EC0-301F-11D3-BF4B-00C04F79EFBC}") = "Unity.VisualScripting.SettingsProvider.Editor", "Unity.VisualScripting.SettingsProvider.Editor.csproj", "{5b21803b-4ab4-f64d-64bb-fed58c527f64}"
EndProject
Project("{FAE04EC0-301F-11D3-BF4B-00C04F79EFBC}") = "Unity.CollabProxy.Editor", "Unity.CollabProxy.Editor.csproj", "{ee91a24b-b42d-58a5-898c-d272cd20fa2d}"
EndProject
Project("{FAE04EC0-301F-11D3-BF4B-00C04F79EFBC}") = "UnityEditor.TestRunner", "UnityEditor.TestRunner.csproj", "{05afe9d3-f3d6-9132-3a2d-e75b1406941d}"
EndProject
Project("{FAE04EC0-301F-11D3-BF4B-00C04F79EFBC}") = "Unity.Services.Core.Editor", "Unity.Services.Core.Editor.csproj", "{b4baecc0-9e59-1282-d76c-2d2b6e7bbcab}"
EndProject
Project("{FAE04EC0-301F-11D3-BF4B-00C04F79EFBC}") = "Unity.TestTools.CodeCoverage.Editor", "Unity.TestTools.CodeCoverage.Editor.csproj", "{1b163ad2-6ceb-c5bf-11c8-28a6fe687fbe}"
EndProject
Project("{FAE04EC0-301F-11D3-BF4B-00C04F79EFBC}") = "Unity.Rider.Editor", "Unity.Rider.Editor.csproj", "{83693b60-fa4e-95e5-f564-3b293734ac92}"
EndProject
Project("{FAE04EC0-301F-11D3-BF4B-00C04F79EFBC}") = "Unity.Performance.Profile-Analyzer.Editor", "Unity.Performance.Profile-Analyzer.Editor.csproj", "{8c55d276-1ece-5aa0-7bb8-98c3db2dd78b}"
EndProject
Project("{FAE04EC0-301F-11D3-BF4B-00C04F79EFBC}") = "Unity.VSCode.Editor", "Unity.VSCode.Editor.csproj", "{c0543450-78fb-3904-cb1e-e5aab09718f0}"
EndProject
Project("{FAE04EC0-301F-11D3-BF4B-00C04F79EFBC}") = "UnityEditor.UI", "UnityEditor.UI.csproj", "{59b334a4-4dde-e1ff-1990-c9b6a5089536}"
EndProject
Project("{FAE04EC0-301F-11D3-BF4B-00C04F79EFBC}") = "Unity.TestTools.CodeCoverage.Editor.OpenCover.Model", "Unity.TestTools.CodeCoverage.Editor.OpenCover.Model.csproj", "{c6ae222f-20fb-7cb8-a6b5-26e3cf872123}"
EndProject
Project("{FAE04EC0-301F-11D3-BF4B-00C04F79EFBC}") = "Unity.EditorCoroutines.Editor", "Unity.EditorCoroutines.Editor.csproj", "{c00d68c1-3b9f-22dd-f4fb-87389076a5b2}"
EndProject
Project("{FAE04EC0-301F-11D3-BF4B-00C04F79EFBC}") = "Unity.Settings.Editor", "Unity.Settings.Editor.csproj", "{701d4049-37de-eed5-93b6-3e4eaffbc131}"
EndProject
Project("{FAE04EC0-301F-11D3-BF4B-00C04F79EFBC}") = "Unity.Services.Core.Configuration.Editor", "Unity.Services.Core.Configuration.Editor.csproj", "{a97ff883-a24b-5737-e2a1-3d831cc89137}"
EndProject
Project("{FAE04EC0-301F-11D3-BF4B-00C04F79EFBC}") = "Unity.TestTools.CodeCoverage.Editor.OpenCover.Mono.Reflection", "Unity.TestTools.CodeCoverage.Editor.OpenCover.Mono.Reflection.csproj", "{8aa3c3aa-2253-77d2-fad5-6a7d4dfec24f}"
EndProject
Project("{FAE04EC0-301F-11D3-BF4B-00C04F79EFBC}") = "Unity.VisualScripting.Shared.Editor", "Unity.VisualScripting.Shared.Editor.csproj", "{32d274b5-7c63-aaa1-6095-39b2826f7a24}"
EndProject
Global
	GlobalSection(SolutionConfigurationPlatforms) = preSolution
		Debug|Any CPU = Debug|Any CPU
	EndGlobalSection
	GlobalSection(ProjectConfigurationPlatforms) = postSolution
		{e2e01b51-747e-eda2-14e4-d01bcff80c46}.Debug|Any CPU.ActiveCfg = Debug|Any CPU
		{e2e01b51-747e-eda2-14e4-d01bcff80c46}.Debug|Any CPU.Build.0 = Debug|Any CPU
		{059f039b-f11c-84ca-8414-bca5a096f39c}.Debug|Any CPU.ActiveCfg = Debug|Any CPU
		{059f039b-f11c-84ca-8414-bca5a096f39c}.Debug|Any CPU.Build.0 = Debug|Any CPU
		{45785f8a-6d76-e74c-3ef7-3c8c1199a8f7}.Debug|Any CPU.ActiveCfg = Debug|Any CPU
		{45785f8a-6d76-e74c-3ef7-3c8c1199a8f7}.Debug|Any CPU.Build.0 = Debug|Any CPU
		{4c2a460e-2f30-3e94-91dc-e9e5e26df583}.Debug|Any CPU.ActiveCfg = Debug|Any CPU
		{4c2a460e-2f30-3e94-91dc-e9e5e26df583}.Debug|Any CPU.Build.0 = Debug|Any CPU
		{8cf0a4fd-5c76-be54-ff44-4a787fe329ef}.Debug|Any CPU.ActiveCfg = Debug|Any CPU
		{8cf0a4fd-5c76-be54-ff44-4a787fe329ef}.Debug|Any CPU.Build.0 = Debug|Any CPU
		{29f89379-74c4-2f01-e64e-c60a07a52d9c}.Debug|Any CPU.ActiveCfg = Debug|Any CPU
		{29f89379-74c4-2f01-e64e-c60a07a52d9c}.Debug|Any CPU.Build.0 = Debug|Any CPU
		{fede2836-fdef-7967-a850-dc11f63aa083}.Debug|Any CPU.ActiveCfg = Debug|Any CPU
		{fede2836-fdef-7967-a850-dc11f63aa083}.Debug|Any CPU.Build.0 = Debug|Any CPU
		{d493d4dd-ec7a-ff6f-6491-03cd1777d459}.Debug|Any CPU.ActiveCfg = Debug|Any CPU
		{d493d4dd-ec7a-ff6f-6491-03cd1777d459}.Debug|Any CPU.Build.0 = Debug|Any CPU
		{f8b2add8-5de5-fecb-05bc-eee562390a3f}.Debug|Any CPU.ActiveCfg = Debug|Any CPU
		{f8b2add8-5de5-fecb-05bc-eee562390a3f}.Debug|Any CPU.Build.0 = Debug|Any CPU
		{cbed18aa-574a-53ee-7fb4-d8b0b4f4f958}.Debug|Any CPU.ActiveCfg = Debug|Any CPU
		{cbed18aa-574a-53ee-7fb4-d8b0b4f4f958}.Debug|Any CPU.Build.0 = Debug|Any CPU
		{b6602ca3-719a-c2f8-ede4-ca3f1540ba36}.Debug|Any CPU.ActiveCfg = Debug|Any CPU
		{b6602ca3-719a-c2f8-ede4-ca3f1540ba36}.Debug|Any CPU.Build.0 = Debug|Any CPU
		{897ab93b-9c0f-bb1c-c712-083e38d8654f}.Debug|Any CPU.ActiveCfg = Debug|Any CPU
		{897ab93b-9c0f-bb1c-c712-083e38d8654f}.Debug|Any CPU.Build.0 = Debug|Any CPU
		{6f47871c-ae19-f48d-270f-6f4dc78b6cc8}.Debug|Any CPU.ActiveCfg = Debug|Any CPU
		{6f47871c-ae19-f48d-270f-6f4dc78b6cc8}.Debug|Any CPU.Build.0 = Debug|Any CPU
		{d3c08e29-c11e-5116-d9ed-6b0a331fe771}.Debug|Any CPU.ActiveCfg = Debug|Any CPU
		{d3c08e29-c11e-5116-d9ed-6b0a331fe771}.Debug|Any CPU.Build.0 = Debug|Any CPU
		{9cff459c-6a82-567a-2fca-c27bc3419b9e}.Debug|Any CPU.ActiveCfg = Debug|Any CPU
		{9cff459c-6a82-567a-2fca-c27bc3419b9e}.Debug|Any CPU.Build.0 = Debug|Any CPU
		{81988ae7-e816-bf22-1278-b0c83e193b1b}.Debug|Any CPU.ActiveCfg = Debug|Any CPU
		{81988ae7-e816-bf22-1278-b0c83e193b1b}.Debug|Any CPU.Build.0 = Debug|Any CPU
		{e79cef03-1ec2-faef-3547-985509ed247b}.Debug|Any CPU.ActiveCfg = Debug|Any CPU
		{e79cef03-1ec2-faef-3547-985509ed247b}.Debug|Any CPU.Build.0 = Debug|Any CPU
		{39d4f520-5cd6-dbea-928f-4983d488eb60}.Debug|Any CPU.ActiveCfg = Debug|Any CPU
		{39d4f520-5cd6-dbea-928f-4983d488eb60}.Debug|Any CPU.Build.0 = Debug|Any CPU
		{505b7b70-aaca-79f7-5f72-e28d2ba7e507}.Debug|Any CPU.ActiveCfg = Debug|Any CPU
		{505b7b70-aaca-79f7-5f72-e28d2ba7e507}.Debug|Any CPU.Build.0 = Debug|Any CPU
		{d97c392c-ffdd-53a0-ad4e-5cc23408d45a}.Debug|Any CPU.ActiveCfg = Debug|Any CPU
		{d97c392c-ffdd-53a0-ad4e-5cc23408d45a}.Debug|Any CPU.Build.0 = Debug|Any CPU
		{e75bcd10-cf9d-888e-5887-124c044823f2}.Debug|Any CPU.ActiveCfg = Debug|Any CPU
		{e75bcd10-cf9d-888e-5887-124c044823f2}.Debug|Any CPU.Build.0 = Debug|Any CPU
		{27eec241-2a4a-3cbd-66d5-242e812f31c4}.Debug|Any CPU.ActiveCfg = Debug|Any CPU
		{27eec241-2a4a-3cbd-66d5-242e812f31c4}.Debug|Any CPU.Build.0 = Debug|Any CPU
		{112ec2f1-8576-5d3c-5941-0c7175906cae}.Debug|Any CPU.ActiveCfg = Debug|Any CPU
		{112ec2f1-8576-5d3c-5941-0c7175906cae}.Debug|Any CPU.Build.0 = Debug|Any CPU
		{a7ed1f3f-7418-3d60-be77-26ba197c2b1f}.Debug|Any CPU.ActiveCfg = Debug|Any CPU
		{a7ed1f3f-7418-3d60-be77-26ba197c2b1f}.Debug|Any CPU.Build.0 = Debug|Any CPU
		{c7d73a4c-9795-111b-2845-39e35c93659e}.Debug|Any CPU.ActiveCfg = Debug|Any CPU
		{c7d73a4c-9795-111b-2845-39e35c93659e}.Debug|Any CPU.Build.0 = Debug|Any CPU
		{93b8780f-0c79-7fe3-2e3f-a0dbb4ee06c6}.Debug|Any CPU.ActiveCfg = Debug|Any CPU
		{93b8780f-0c79-7fe3-2e3f-a0dbb4ee06c6}.Debug|Any CPU.Build.0 = Debug|Any CPU
		{574e3322-003b-01a9-49b9-c82411559b0b}.Debug|Any CPU.ActiveCfg = Debug|Any CPU
		{574e3322-003b-01a9-49b9-c82411559b0b}.Debug|Any CPU.Build.0 = Debug|Any CPU
		{5b21803b-4ab4-f64d-64bb-fed58c527f64}.Debug|Any CPU.ActiveCfg = Debug|Any CPU
		{5b21803b-4ab4-f64d-64bb-fed58c527f64}.Debug|Any CPU.Build.0 = Debug|Any CPU
		{ee91a24b-b42d-58a5-898c-d272cd20fa2d}.Debug|Any CPU.ActiveCfg = Debug|Any CPU
		{ee91a24b-b42d-58a5-898c-d272cd20fa2d}.Debug|Any CPU.Build.0 = Debug|Any CPU
		{05afe9d3-f3d6-9132-3a2d-e75b1406941d}.Debug|Any CPU.ActiveCfg = Debug|Any CPU
		{05afe9d3-f3d6-9132-3a2d-e75b1406941d}.Debug|Any CPU.Build.0 = Debug|Any CPU
		{b4baecc0-9e59-1282-d76c-2d2b6e7bbcab}.Debug|Any CPU.ActiveCfg = Debug|Any CPU
		{b4baecc0-9e59-1282-d76c-2d2b6e7bbcab}.Debug|Any CPU.Build.0 = Debug|Any CPU
		{1b163ad2-6ceb-c5bf-11c8-28a6fe687fbe}.Debug|Any CPU.ActiveCfg = Debug|Any CPU
		{1b163ad2-6ceb-c5bf-11c8-28a6fe687fbe}.Debug|Any CPU.Build.0 = Debug|Any CPU
		{83693b60-fa4e-95e5-f564-3b293734ac92}.Debug|Any CPU.ActiveCfg = Debug|Any CPU
		{83693b60-fa4e-95e5-f564-3b293734ac92}.Debug|Any CPU.Build.0 = Debug|Any CPU
		{8c55d276-1ece-5aa0-7bb8-98c3db2dd78b}.Debug|Any CPU.ActiveCfg = Debug|Any CPU
		{8c55d276-1ece-5aa0-7bb8-98c3db2dd78b}.Debug|Any CPU.Build.0 = Debug|Any CPU
		{c0543450-78fb-3904-cb1e-e5aab09718f0}.Debug|Any CPU.ActiveCfg = Debug|Any CPU
		{c0543450-78fb-3904-cb1e-e5aab09718f0}.Debug|Any CPU.Build.0 = Debug|Any CPU
		{59b334a4-4dde-e1ff-1990-c9b6a5089536}.Debug|Any CPU.ActiveCfg = Debug|Any CPU
		{59b334a4-4dde-e1ff-1990-c9b6a5089536}.Debug|Any CPU.Build.0 = Debug|Any CPU
		{c6ae222f-20fb-7cb8-a6b5-26e3cf872123}.Debug|Any CPU.ActiveCfg = Debug|Any CPU
		{c6ae222f-20fb-7cb8-a6b5-26e3cf872123}.Debug|Any CPU.Build.0 = Debug|Any CPU
		{c00d68c1-3b9f-22dd-f4fb-87389076a5b2}.Debug|Any CPU.ActiveCfg = Debug|Any CPU
		{c00d68c1-3b9f-22dd-f4fb-87389076a5b2}.Debug|Any CPU.Build.0 = Debug|Any CPU
		{701d4049-37de-eed5-93b6-3e4eaffbc131}.Debug|Any CPU.ActiveCfg = Debug|Any CPU
		{701d4049-37de-eed5-93b6-3e4eaffbc131}.Debug|Any CPU.Build.0 = Debug|Any CPU
		{a97ff883-a24b-5737-e2a1-3d831cc89137}.Debug|Any CPU.ActiveCfg = Debug|Any CPU
		{a97ff883-a24b-5737-e2a1-3d831cc89137}.Debug|Any CPU.Build.0 = Debug|Any CPU
		{8aa3c3aa-2253-77d2-fad5-6a7d4dfec24f}.Debug|Any CPU.ActiveCfg = Debug|Any CPU
		{8aa3c3aa-2253-77d2-fad5-6a7d4dfec24f}.Debug|Any CPU.Build.0 = Debug|Any CPU
		{32d274b5-7c63-aaa1-6095-39b2826f7a24}.Debug|Any CPU.ActiveCfg = Debug|Any CPU
		{32d274b5-7c63-aaa1-6095-39b2826f7a24}.Debug|Any CPU.Build.0 = Debug|Any CPU
	EndGlobalSection
	GlobalSection(SolutionProperties) = preSolution
		HideSolutionNode = FALSE
	EndGlobalSection
EndGlobal
